
Microsoft Visual Studio Solution File, Format Version 12.00
# Visual Studio 15
VisualStudioVersion = 15.0.27130.2010
MinimumVisualStudioVersion = 10.0.40219.1
Project("{9A19103F-16F7-4668-BE54-9A1E7A4F7556}") = "ClientLibrary", "ClientLibrary.csproj", "{86238583-2A68-4396-95FC-B025CA9DD318}"
EndProject
Global
	GlobalSection(SolutionConfigurationPlatforms) = preSolution
		Debug|Any CPU = Debug|Any CPU
		Release|Any CPU = Release|Any CPU
	EndGlobalSection
	GlobalSection(ProjectConfigurationPlatforms) = postSolution
		{86238583-2A68-4396-95FC-B025CA9DD318}.Debug|Any CPU.ActiveCfg = Debug|Any CPU
		{86238583-2A68-4396-95FC-B025CA9DD318}.Debug|Any CPU.Build.0 = Debug|Any CPU
		{86238583-2A68-4396-95FC-B025CA9DD318}.Release|Any CPU.ActiveCfg = Release|Any CPU
		{86238583-2A68-4396-95FC-B025CA9DD318}.Release|Any CPU.Build.0 = Release|Any CPU
	EndGlobalSection
	GlobalSection(SolutionProperties) = preSolution
		HideSolutionNode = FALSE
	EndGlobalSection
	GlobalSection(ExtensibilityGlobals) = postSolution
		SolutionGuid = {B490C2AF-FDDE-4987-8D85-D6A6D11F12B4}
	EndGlobalSection
EndGlobal
